
Microsoft Visual Studio Solution File, Format Version 12.00
# Visual Studio Version 17
VisualStudioVersion = 17.10.35122.118
MinimumVisualStudioVersion = 10.0.40219.1
Project("{FAE04EC0-301F-11D3-BF4B-00C04F79EFBC}") = "StudentsApp", "StudentsApp.csproj", "{7AFF2B34-0F97-47C1-A271-37DFAE62861F}"
EndProject
Global
	GlobalSection(SolutionConfigurationPlatforms) = preSolution
		Debug|Any CPU = Debug|Any CPU
		Release|Any CPU = Release|Any CPU
	EndGlobalSection
	GlobalSection(ProjectConfigurationPlatforms) = postSolution
		{7AFF2B34-0F97-47C1-A271-37DFAE62861F}.Debug|Any CPU.ActiveCfg = Debug|Any CPU
		{7AFF2B34-0F97-47C1-A271-37DFAE62861F}.Debug|Any CPU.Build.0 = Debug|Any CPU
		{7AFF2B34-0F97-47C1-A271-37DFAE62861F}.Release|Any CPU.ActiveCfg = Release|Any CPU
		{7AFF2B34-0F97-47C1-A271-37DFAE62861F}.Release|Any CPU.Build.0 = Release|Any CPU
	EndGlobalSection
	GlobalSection(SolutionProperties) = preSolution
		HideSolutionNode = FALSE
	EndGlobalSection
	GlobalSection(ExtensibilityGlobals) = postSolution
		SolutionGuid = {2E3A9859-BB3F-4F9D-9757-A037001D8C40}
	EndGlobalSection
EndGlobal
