
Microsoft Visual Studio Solution File, Format Version 12.00
# Visual Studio Version 17
VisualStudioVersion = 17.10.35013.160
MinimumVisualStudioVersion = 10.0.40219.1
Project("{9A19103F-16F7-4668-BE54-9A1E7A4F7556}") = "StudentAffairs", "StudentAffairs.csproj", "{5120D836-B27C-41F5-885E-19A22C0E7C70}"
EndProject
Project("{9A19103F-16F7-4668-BE54-9A1E7A4F7556}") = "Student", "..\Student\Student.csproj", "{4072C848-FC12-4DEC-9CB9-212ADC855BFB}"
EndProject
Project("{9A19103F-16F7-4668-BE54-9A1E7A4F7556}") = "Doctor", "..\Doctors\Doctor.csproj", "{5AB337AD-9CC1-46AC-8871-632ADD462882}"
EndProject
Project("{9A19103F-16F7-4668-BE54-9A1E7A4F7556}") = "Course", "..\Course\Course.csproj", "{8988C28A-0FAA-4C16-9B10-DDEC51A40D13}"
EndProject
Project("{9A19103F-16F7-4668-BE54-9A1E7A4F7556}") = "User", "..\User\User.csproj", "{FA3DD189-F777-4084-B124-70328021F5EE}"
EndProject
Project("{9A19103F-16F7-4668-BE54-9A1E7A4F7556}") = "Shared", "..\Shared\Shared.csproj", "{868E1B6C-4F17-4323-A58E-80539CFC7EF5}"
EndProject
Project("{FAE04EC0-301F-11D3-BF4B-00C04F79EFBC}") = "EntityDefinition", "..\EntityDefinition\EntityDefinition.csproj", "{91F11FD8-7473-4486-91CE-B0FF6080C86D}"
EndProject
Global
	GlobalSection(SolutionConfigurationPlatforms) = preSolution
		Debug|Any CPU = Debug|Any CPU
		Release|Any CPU = Release|Any CPU
	EndGlobalSection
	GlobalSection(ProjectConfigurationPlatforms) = postSolution
		{5120D836-B27C-41F5-885E-19A22C0E7C70}.Debug|Any CPU.ActiveCfg = Debug|Any CPU
		{5120D836-B27C-41F5-885E-19A22C0E7C70}.Debug|Any CPU.Build.0 = Debug|Any CPU
		{5120D836-B27C-41F5-885E-19A22C0E7C70}.Release|Any CPU.ActiveCfg = Release|Any CPU
		{5120D836-B27C-41F5-885E-19A22C0E7C70}.Release|Any CPU.Build.0 = Release|Any CPU
		{4072C848-FC12-4DEC-9CB9-212ADC855BFB}.Debug|Any CPU.ActiveCfg = Debug|Any CPU
		{4072C848-FC12-4DEC-9CB9-212ADC855BFB}.Debug|Any CPU.Build.0 = Debug|Any CPU
		{4072C848-FC12-4DEC-9CB9-212ADC855BFB}.Release|Any CPU.ActiveCfg = Release|Any CPU
		{4072C848-FC12-4DEC-9CB9-212ADC855BFB}.Release|Any CPU.Build.0 = Release|Any CPU
		{5AB337AD-9CC1-46AC-8871-632ADD462882}.Debug|Any CPU.ActiveCfg = Debug|Any CPU
		{5AB337AD-9CC1-46AC-8871-632ADD462882}.Debug|Any CPU.Build.0 = Debug|Any CPU
		{5AB337AD-9CC1-46AC-8871-632ADD462882}.Release|Any CPU.ActiveCfg = Release|Any CPU
		{5AB337AD-9CC1-46AC-8871-632ADD462882}.Release|Any CPU.Build.0 = Release|Any CPU
		{8988C28A-0FAA-4C16-9B10-DDEC51A40D13}.Debug|Any CPU.ActiveCfg = Debug|Any CPU
		{8988C28A-0FAA-4C16-9B10-DDEC51A40D13}.Debug|Any CPU.Build.0 = Debug|Any CPU
		{8988C28A-0FAA-4C16-9B10-DDEC51A40D13}.Release|Any CPU.ActiveCfg = Release|Any CPU
		{8988C28A-0FAA-4C16-9B10-DDEC51A40D13}.Release|Any CPU.Build.0 = Release|Any CPU
		{FA3DD189-F777-4084-B124-70328021F5EE}.Debug|Any CPU.ActiveCfg = Debug|Any CPU
		{FA3DD189-F777-4084-B124-70328021F5EE}.Debug|Any CPU.Build.0 = Debug|Any CPU
		{FA3DD189-F777-4084-B124-70328021F5EE}.Release|Any CPU.ActiveCfg = Release|Any CPU
		{FA3DD189-F777-4084-B124-70328021F5EE}.Release|Any CPU.Build.0 = Release|Any CPU
		{868E1B6C-4F17-4323-A58E-80539CFC7EF5}.Debug|Any CPU.ActiveCfg = Debug|Any CPU
		{868E1B6C-4F17-4323-A58E-80539CFC7EF5}.Debug|Any CPU.Build.0 = Debug|Any CPU
		{868E1B6C-4F17-4323-A58E-80539CFC7EF5}.Release|Any CPU.ActiveCfg = Release|Any CPU
		{868E1B6C-4F17-4323-A58E-80539CFC7EF5}.Release|Any CPU.Build.0 = Release|Any CPU
		{91F11FD8-7473-4486-91CE-B0FF6080C86D}.Debug|Any CPU.ActiveCfg = Debug|Any CPU
		{91F11FD8-7473-4486-91CE-B0FF6080C86D}.Debug|Any CPU.Build.0 = Debug|Any CPU
		{91F11FD8-7473-4486-91CE-B0FF6080C86D}.Release|Any CPU.ActiveCfg = Release|Any CPU
		{91F11FD8-7473-4486-91CE-B0FF6080C86D}.Release|Any CPU.Build.0 = Release|Any CPU
	EndGlobalSection
	GlobalSection(SolutionProperties) = preSolution
		HideSolutionNode = FALSE
	EndGlobalSection
	GlobalSection(ExtensibilityGlobals) = postSolution
		SolutionGuid = {77746F12-3139-41CC-A7AF-2527EF929304}
	EndGlobalSection
EndGlobal
