
Microsoft Visual Studio Solution File, Format Version 12.00
# Visual Studio Version 17
VisualStudioVersion = 17.10.35027.167
MinimumVisualStudioVersion = 10.0.40219.1
Project("{9A19103F-16F7-4668-BE54-9A1E7A4F7556}") = "StudentsAffairsWebAPI", "StudentsAffairsWebAPI.csproj", "{D0645065-9E83-4099-B361-683B9046DBBA}"
EndProject
Global
	GlobalSection(SolutionConfigurationPlatforms) = preSolution
		Debug|Any CPU = Debug|Any CPU
		Release|Any CPU = Release|Any CPU
	EndGlobalSection
	GlobalSection(ProjectConfigurationPlatforms) = postSolution
		{D0645065-9E83-4099-B361-683B9046DBBA}.Debug|Any CPU.ActiveCfg = Debug|Any CPU
		{D0645065-9E83-4099-B361-683B9046DBBA}.Debug|Any CPU.Build.0 = Debug|Any CPU
		{D0645065-9E83-4099-B361-683B9046DBBA}.Release|Any CPU.ActiveCfg = Release|Any CPU
		{D0645065-9E83-4099-B361-683B9046DBBA}.Release|Any CPU.Build.0 = Release|Any CPU
	EndGlobalSection
	GlobalSection(SolutionProperties) = preSolution
		HideSolutionNode = FALSE
	EndGlobalSection
	GlobalSection(ExtensibilityGlobals) = postSolution
		SolutionGuid = {AA4E9F4B-BB19-4689-B387-CE6D8A75EDB9}
	EndGlobalSection
EndGlobal
